// !$*UTF8*$!
{
	archiveVersion = 1;
	classes = {
	};
	objectVersion = 50;
	objects = {

/* Begin PBXBuildFile section */
		4B38B812267A3F020002EB35 /* NewPlaylistView.swift in Sources */ = {isa = PBXBuildFile; fileRef = 4B38B811267A3F020002EB35 /* NewPlaylistView.swift */; };
		4B7DE1F42677431000CD2F1A /* Song.swift in Sources */ = {isa = PBXBuildFile; fileRef = 4B7DE1F32677431000CD2F1A /* Song.swift */; };
		4B7DE1F82677448300CD2F1A /* SongData.swift in Sources */ = {isa = PBXBuildFile; fileRef = 4B7DE1F72677448300CD2F1A /* SongData.swift */; };
		4B7DE2002677461600CD2F1A /* SongList.swift in Sources */ = {isa = PBXBuildFile; fileRef = 4B7DE1FF2677461600CD2F1A /* SongList.swift */; };
		4BA278B0267CBD0C00151744 /* AddToPlaylist.swift in Sources */ = {isa = PBXBuildFile; fileRef = 4BA278AF267CBD0C00151744 /* AddToPlaylist.swift */; };
		4BABC56A2678DD0100965FA5 /* SearchBar.swift in Sources */ = {isa = PBXBuildFile; fileRef = 4BABC5692678DD0100965FA5 /* SearchBar.swift */; };
		4BBA9D69267B908B006B5337 /* ImagePicker.swift in Sources */ = {isa = PBXBuildFile; fileRef = 4BBA9D68267B908B006B5337 /* ImagePicker.swift */; };
		4BC6124F26788CD100A0B7CA /* SearchView.swift in Sources */ = {isa = PBXBuildFile; fileRef = 4BC6124E26788CD100A0B7CA /* SearchView.swift */; };
		4BD3BFDE2677838300AAC075 /* PlaylistList.swift in Sources */ = {isa = PBXBuildFile; fileRef = 4BD3BFDD2677838300AAC075 /* PlaylistList.swift */; };
		4BD3BFE1267783B600AAC075 /* PlaylistData.swift in Sources */ = {isa = PBXBuildFile; fileRef = 4BD3BFE0267783B600AAC075 /* PlaylistData.swift */; };
		4BD3BFE7267783C700AAC075 /* User.swift in Sources */ = {isa = PBXBuildFile; fileRef = 4BD3BFE6267783C700AAC075 /* User.swift */; };
		4BD3BFF226778FCF00AAC075 /* Playlist.swift in Sources */ = {isa = PBXBuildFile; fileRef = 4BD3BFF126778FCF00AAC075 /* Playlist.swift */; };
		4BD3BFF8267796FA00AAC075 /* Artist.swift in Sources */ = {isa = PBXBuildFile; fileRef = 4BD3BFF7267796FA00AAC075 /* Artist.swift */; };
		4BD3C001267799D300AAC075 /* Data.swift in Sources */ = {isa = PBXBuildFile; fileRef = 4BD3C000267799D300AAC075 /* Data.swift */; };
		4BD3C0072677A6FF00AAC075 /* ArtistList.swift in Sources */ = {isa = PBXBuildFile; fileRef = 4BD3C0062677A6FF00AAC075 /* ArtistList.swift */; };
		68C42946267A28A800B25BA6 /* PlaylistView.swift in Sources */ = {isa = PBXBuildFile; fileRef = 68C42945267A28A800B25BA6 /* PlaylistView.swift */; };
		68F274512673584600BAD3C2 /* music_freshApp.swift in Sources */ = {isa = PBXBuildFile; fileRef = 68F274502673584600BAD3C2 /* music_freshApp.swift */; };
		68F274532673584600BAD3C2 /* ContentView.swift in Sources */ = {isa = PBXBuildFile; fileRef = 68F274522673584600BAD3C2 /* ContentView.swift */; };
		68F274552673584800BAD3C2 /* Assets.xcassets in Resources */ = {isa = PBXBuildFile; fileRef = 68F274542673584800BAD3C2 /* Assets.xcassets */; };
		68F274582673584800BAD3C2 /* Preview Assets.xcassets in Resources */ = {isa = PBXBuildFile; fileRef = 68F274572673584800BAD3C2 /* Preview Assets.xcassets */; };
		C5F02241267A01FE0045099E /* ProfileUpdateForm.swift in Sources */ = {isa = PBXBuildFile; fileRef = C5F02240267A01FE0045099E /* ProfileUpdateForm.swift */; };
		C5F4F6432677AED10003CD9A /* UserView.swift in Sources */ = {isa = PBXBuildFile; fileRef = C5F4F6422677AED10003CD9A /* UserView.swift */; };
		FC771E3426754B6C0063968A /* SongListCell.swift in Sources */ = {isa = PBXBuildFile; fileRef = FC771E3326754B6C0063968A /* SongListCell.swift */; };
		FCF7C69B267540350087C892 /* DetailedView.swift in Sources */ = {isa = PBXBuildFile; fileRef = FCF7C69A267540350087C892 /* DetailedView.swift */; };
/* End PBXBuildFile section */

/* Begin PBXFileReference section */
		4B38B811267A3F020002EB35 /* NewPlaylistView.swift */ = {isa = PBXFileReference; lastKnownFileType = sourcecode.swift; path = NewPlaylistView.swift; sourceTree = "<group>"; };
		4B7DE1F32677431000CD2F1A /* Song.swift */ = {isa = PBXFileReference; lastKnownFileType = sourcecode.swift; path = Song.swift; sourceTree = "<group>"; };
		4B7DE1F72677448300CD2F1A /* SongData.swift */ = {isa = PBXFileReference; lastKnownFileType = sourcecode.swift; path = SongData.swift; sourceTree = "<group>"; };
		4B7DE1FF2677461600CD2F1A /* SongList.swift */ = {isa = PBXFileReference; lastKnownFileType = sourcecode.swift; path = SongList.swift; sourceTree = "<group>"; };
		4BA278AF267CBD0C00151744 /* AddToPlaylist.swift */ = {isa = PBXFileReference; lastKnownFileType = sourcecode.swift; path = AddToPlaylist.swift; sourceTree = "<group>"; };
		4BABC5692678DD0100965FA5 /* SearchBar.swift */ = {isa = PBXFileReference; lastKnownFileType = sourcecode.swift; path = SearchBar.swift; sourceTree = "<group>"; };
		4BBA9D68267B908B006B5337 /* ImagePicker.swift */ = {isa = PBXFileReference; lastKnownFileType = sourcecode.swift; path = ImagePicker.swift; sourceTree = "<group>"; };
		4BC6124E26788CD100A0B7CA /* SearchView.swift */ = {isa = PBXFileReference; lastKnownFileType = sourcecode.swift; path = SearchView.swift; sourceTree = "<group>"; };
		4BD3BFDD2677838300AAC075 /* PlaylistList.swift */ = {isa = PBXFileReference; fileEncoding = 4; lastKnownFileType = sourcecode.swift; path = PlaylistList.swift; sourceTree = "<group>"; };
		4BD3BFE0267783B600AAC075 /* PlaylistData.swift */ = {isa = PBXFileReference; fileEncoding = 4; lastKnownFileType = sourcecode.swift; path = PlaylistData.swift; sourceTree = "<group>"; };
		4BD3BFE6267783C700AAC075 /* User.swift */ = {isa = PBXFileReference; fileEncoding = 4; lastKnownFileType = sourcecode.swift; name = User.swift; path = music.fresh/Model/User.swift; sourceTree = SOURCE_ROOT; };
		4BD3BFF126778FCF00AAC075 /* Playlist.swift */ = {isa = PBXFileReference; lastKnownFileType = sourcecode.swift; path = Playlist.swift; sourceTree = "<group>"; };
		4BD3BFF7267796FA00AAC075 /* Artist.swift */ = {isa = PBXFileReference; lastKnownFileType = sourcecode.swift; path = Artist.swift; sourceTree = "<group>"; };
		4BD3C000267799D300AAC075 /* Data.swift */ = {isa = PBXFileReference; lastKnownFileType = sourcecode.swift; path = Data.swift; sourceTree = "<group>"; };
		4BD3C0062677A6FF00AAC075 /* ArtistList.swift */ = {isa = PBXFileReference; lastKnownFileType = sourcecode.swift; path = ArtistList.swift; sourceTree = "<group>"; };
		68C42945267A28A800B25BA6 /* PlaylistView.swift */ = {isa = PBXFileReference; lastKnownFileType = sourcecode.swift; path = PlaylistView.swift; sourceTree = "<group>"; };
		68F2744D2673584600BAD3C2 /* music.fresh.app */ = {isa = PBXFileReference; explicitFileType = wrapper.application; includeInIndex = 0; path = music.fresh.app; sourceTree = BUILT_PRODUCTS_DIR; };
		68F274502673584600BAD3C2 /* music_freshApp.swift */ = {isa = PBXFileReference; lastKnownFileType = sourcecode.swift; path = music_freshApp.swift; sourceTree = "<group>"; };
		68F274522673584600BAD3C2 /* ContentView.swift */ = {isa = PBXFileReference; lastKnownFileType = sourcecode.swift; path = ContentView.swift; sourceTree = "<group>"; };
		68F274542673584800BAD3C2 /* Assets.xcassets */ = {isa = PBXFileReference; lastKnownFileType = folder.assetcatalog; path = Assets.xcassets; sourceTree = "<group>"; };
		68F274572673584800BAD3C2 /* Preview Assets.xcassets */ = {isa = PBXFileReference; lastKnownFileType = folder.assetcatalog; path = "Preview Assets.xcassets"; sourceTree = "<group>"; };
		68F274592673584800BAD3C2 /* Info.plist */ = {isa = PBXFileReference; lastKnownFileType = text.plist.xml; path = Info.plist; sourceTree = "<group>"; };
		C5F02240267A01FE0045099E /* ProfileUpdateForm.swift */ = {isa = PBXFileReference; lastKnownFileType = sourcecode.swift; path = ProfileUpdateForm.swift; sourceTree = "<group>"; };
		C5F4F6422677AED10003CD9A /* UserView.swift */ = {isa = PBXFileReference; lastKnownFileType = sourcecode.swift; path = UserView.swift; sourceTree = "<group>"; };
		FC771E3326754B6C0063968A /* SongListCell.swift */ = {isa = PBXFileReference; lastKnownFileType = sourcecode.swift; path = SongListCell.swift; sourceTree = "<group>"; };
		FCF7C69A267540350087C892 /* DetailedView.swift */ = {isa = PBXFileReference; lastKnownFileType = sourcecode.swift; path = DetailedView.swift; sourceTree = "<group>"; };
/* End PBXFileReference section */

/* Begin PBXFrameworksBuildPhase section */
		68F2744A2673584600BAD3C2 /* Frameworks */ = {
			isa = PBXFrameworksBuildPhase;
			buildActionMask = 2147483647;
			files = (
			);
			runOnlyForDeploymentPostprocessing = 0;
		};
/* End PBXFrameworksBuildPhase section */

/* Begin PBXGroup section */
		4B7DE1EF267742E600CD2F1A /* Model */ = {
			isa = PBXGroup;
			children = (
				4BD3BFE6267783C700AAC075 /* User.swift */,
				4BD3BFF126778FCF00AAC075 /* Playlist.swift */,
				4B7DE1F32677431000CD2F1A /* Song.swift */,
				4BD3BFF7267796FA00AAC075 /* Artist.swift */,
			);
			path = Model;
			sourceTree = "<group>";
		};
		4B7DE1F22677430200CD2F1A /* Data */ = {
			isa = PBXGroup;
			children = (
				4BD3BFE0267783B600AAC075 /* PlaylistData.swift */,
				4BD3C000267799D300AAC075 /* Data.swift */,
				4B7DE1F72677448300CD2F1A /* SongData.swift */,
			);
			path = Data;
			sourceTree = "<group>";
		};
		4B7DE1FC267745F600CD2F1A /* View */ = {
			isa = PBXGroup;
			children = (
				4BC6124E26788CD100A0B7CA /* SearchView.swift */,
				4BA278AF267CBD0C00151744 /* AddToPlaylist.swift */,
				4B38B811267A3F020002EB35 /* NewPlaylistView.swift */,
				4BBA9D68267B908B006B5337 /* ImagePicker.swift */,
				4BABC5692678DD0100965FA5 /* SearchBar.swift */,
				FC771E3326754B6C0063968A /* SongListCell.swift */,
				FCF7C69A267540350087C892 /* DetailedView.swift */,
				4BD3BFDD2677838300AAC075 /* PlaylistList.swift */,
				4B7DE1FF2677461600CD2F1A /* SongList.swift */,
				C5F4F6422677AED10003CD9A /* UserView.swift */,
				C5F02240267A01FE0045099E /* ProfileUpdateForm.swift */,
				68C42945267A28A800B25BA6 /* PlaylistView.swift */,
				4BD3C0062677A6FF00AAC075 /* ArtistList.swift */,
			);
			path = View;
			sourceTree = "<group>";
		};
		68F274442673584600BAD3C2 = {
			isa = PBXGroup;
			children = (
				68F2744F2673584600BAD3C2 /* music.fresh */,
				68F2744E2673584600BAD3C2 /* Products */,
			);
			sourceTree = "<group>";
		};
		68F2744E2673584600BAD3C2 /* Products */ = {
			isa = PBXGroup;
			children = (
				68F2744D2673584600BAD3C2 /* music.fresh.app */,
			);
			name = Products;
			sourceTree = "<group>";
		};
		68F2744F2673584600BAD3C2 /* music.fresh */ = {
			isa = PBXGroup;
			children = (
				68F274502673584600BAD3C2 /* music_freshApp.swift */,
				68F274522673584600BAD3C2 /* ContentView.swift */,
				4B7DE1FC267745F600CD2F1A /* View */,
				4B7DE1F22677430200CD2F1A /* Data */,
				4B7DE1EF267742E600CD2F1A /* Model */,
				68F274542673584800BAD3C2 /* Assets.xcassets */,
				68F274592673584800BAD3C2 /* Info.plist */,
				68F274562673584800BAD3C2 /* Preview Content */,
			);
			path = music.fresh;
			sourceTree = "<group>";
		};
		68F274562673584800BAD3C2 /* Preview Content */ = {
			isa = PBXGroup;
			children = (
				68F274572673584800BAD3C2 /* Preview Assets.xcassets */,
			);
			path = "Preview Content";
			sourceTree = "<group>";
		};
/* End PBXGroup section */

/* Begin PBXNativeTarget section */
		68F2744C2673584600BAD3C2 /* music.fresh */ = {
			isa = PBXNativeTarget;
			buildConfigurationList = 68F2745C2673584800BAD3C2 /* Build configuration list for PBXNativeTarget "music.fresh" */;
			buildPhases = (
				68F274492673584600BAD3C2 /* Sources */,
				68F2744A2673584600BAD3C2 /* Frameworks */,
				68F2744B2673584600BAD3C2 /* Resources */,
			);
			buildRules = (
			);
			dependencies = (
			);
			name = music.fresh;
			productName = music.fresh;
			productReference = 68F2744D2673584600BAD3C2 /* music.fresh.app */;
			productType = "com.apple.product-type.application";
		};
/* End PBXNativeTarget section */

/* Begin PBXProject section */
		68F274452673584600BAD3C2 /* Project object */ = {
			isa = PBXProject;
			attributes = {
				LastSwiftUpdateCheck = 1250;
				LastUpgradeCheck = 1250;
				TargetAttributes = {
					68F2744C2673584600BAD3C2 = {
						CreatedOnToolsVersion = 12.5;
					};
				};
			};
			buildConfigurationList = 68F274482673584600BAD3C2 /* Build configuration list for PBXProject "music.fresh" */;
			compatibilityVersion = "Xcode 9.3";
			developmentRegion = en;
			hasScannedForEncodings = 0;
			knownRegions = (
				en,
				Base,
			);
			mainGroup = 68F274442673584600BAD3C2;
			productRefGroup = 68F2744E2673584600BAD3C2 /* Products */;
			projectDirPath = "";
			projectRoot = "";
			targets = (
				68F2744C2673584600BAD3C2 /* music.fresh */,
			);
		};
/* End PBXProject section */

/* Begin PBXResourcesBuildPhase section */
		68F2744B2673584600BAD3C2 /* Resources */ = {
			isa = PBXResourcesBuildPhase;
			buildActionMask = 2147483647;
			files = (
				68F274582673584800BAD3C2 /* Preview Assets.xcassets in Resources */,
				68F274552673584800BAD3C2 /* Assets.xcassets in Resources */,
			);
			runOnlyForDeploymentPostprocessing = 0;
		};
/* End PBXResourcesBuildPhase section */

/* Begin PBXSourcesBuildPhase section */
		68F274492673584600BAD3C2 /* Sources */ = {
			isa = PBXSourcesBuildPhase;
			buildActionMask = 2147483647;
			files = (
				FC771E3426754B6C0063968A /* SongListCell.swift in Sources */,
				FCF7C69B267540350087C892 /* DetailedView.swift in Sources */,
				68F274532673584600BAD3C2 /* ContentView.swift in Sources */,
				4B7DE2002677461600CD2F1A /* SongList.swift in Sources */,
				4B7DE1F42677431000CD2F1A /* Song.swift in Sources */,
				4BD3BFF226778FCF00AAC075 /* Playlist.swift in Sources */,
				68F274532673584600BAD3C2 /* ContentView.swift in Sources */,
				4BBA9D69267B908B006B5337 /* ImagePicker.swift in Sources */,
				4B38B812267A3F020002EB35 /* NewPlaylistView.swift in Sources */,
				4BD3C001267799D300AAC075 /* Data.swift in Sources */,
				C5F02241267A01FE0045099E /* ProfileUpdateForm.swift in Sources */,
				4B7DE1F82677448300CD2F1A /* SongData.swift in Sources */,
				4BA278B0267CBD0C00151744 /* AddToPlaylist.swift in Sources */,
				4BD3C0072677A6FF00AAC075 /* ArtistList.swift in Sources */,
				4BABC56A2678DD0100965FA5 /* SearchBar.swift in Sources */,
				68C42946267A28A800B25BA6 /* PlaylistView.swift in Sources */,
				4BD3BFE7267783C700AAC075 /* User.swift in Sources */,
				C5F4F6432677AED10003CD9A /* UserView.swift in Sources */,
				4BC6124F26788CD100A0B7CA /* SearchView.swift in Sources */,
				68F274512673584600BAD3C2 /* music_freshApp.swift in Sources */,
				4BD3BFDE2677838300AAC075 /* PlaylistList.swift in Sources */,
				4BD3BFF8267796FA00AAC075 /* Artist.swift in Sources */,
				4BD3BFE1267783B600AAC075 /* PlaylistData.swift in Sources */,
			);
			runOnlyForDeploymentPostprocessing = 0;
		};
/* End PBXSourcesBuildPhase section */

/* Begin XCBuildConfiguration section */
		68F2745A2673584800BAD3C2 /* Debug */ = {
			isa = XCBuildConfiguration;
			buildSettings = {
				ALWAYS_SEARCH_USER_PATHS = NO;
				CLANG_ANALYZER_NONNULL = YES;
				CLANG_ANALYZER_NUMBER_OBJECT_CONVERSION = YES_AGGRESSIVE;
				CLANG_CXX_LANGUAGE_STANDARD = "gnu++14";
				CLANG_CXX_LIBRARY = "libc++";
				CLANG_ENABLE_MODULES = YES;
				CLANG_ENABLE_OBJC_ARC = YES;
				CLANG_ENABLE_OBJC_WEAK = YES;
				CLANG_WARN_BLOCK_CAPTURE_AUTORELEASING = YES;
				CLANG_WARN_BOOL_CONVERSION = YES;
				CLANG_WARN_COMMA = YES;
				CLANG_WARN_CONSTANT_CONVERSION = YES;
				CLANG_WARN_DEPRECATED_OBJC_IMPLEMENTATIONS = YES;
				CLANG_WARN_DIRECT_OBJC_ISA_USAGE = YES_ERROR;
				CLANG_WARN_DOCUMENTATION_COMMENTS = YES;
				CLANG_WARN_EMPTY_BODY = YES;
				CLANG_WARN_ENUM_CONVERSION = YES;
				CLANG_WARN_INFINITE_RECURSION = YES;
				CLANG_WARN_INT_CONVERSION = YES;
				CLANG_WARN_NON_LITERAL_NULL_CONVERSION = YES;
				CLANG_WARN_OBJC_IMPLICIT_RETAIN_SELF = YES;
				CLANG_WARN_OBJC_LITERAL_CONVERSION = YES;
				CLANG_WARN_OBJC_ROOT_CLASS = YES_ERROR;
				CLANG_WARN_QUOTED_INCLUDE_IN_FRAMEWORK_HEADER = YES;
				CLANG_WARN_RANGE_LOOP_ANALYSIS = YES;
				CLANG_WARN_STRICT_PROTOTYPES = YES;
				CLANG_WARN_SUSPICIOUS_MOVE = YES;
				CLANG_WARN_UNGUARDED_AVAILABILITY = YES_AGGRESSIVE;
				CLANG_WARN_UNREACHABLE_CODE = YES;
				CLANG_WARN__DUPLICATE_METHOD_MATCH = YES;
				COPY_PHASE_STRIP = NO;
				DEBUG_INFORMATION_FORMAT = dwarf;
				ENABLE_STRICT_OBJC_MSGSEND = YES;
				ENABLE_TESTABILITY = YES;
				GCC_C_LANGUAGE_STANDARD = gnu11;
				GCC_DYNAMIC_NO_PIC = NO;
				GCC_NO_COMMON_BLOCKS = YES;
				GCC_OPTIMIZATION_LEVEL = 0;
				GCC_PREPROCESSOR_DEFINITIONS = (
					"DEBUG=1",
					"$(inherited)",
				);
				GCC_WARN_64_TO_32_BIT_CONVERSION = YES;
				GCC_WARN_ABOUT_RETURN_TYPE = YES_ERROR;
				GCC_WARN_UNDECLARED_SELECTOR = YES;
				GCC_WARN_UNINITIALIZED_AUTOS = YES_AGGRESSIVE;
				GCC_WARN_UNUSED_FUNCTION = YES;
				GCC_WARN_UNUSED_VARIABLE = YES;
				IPHONEOS_DEPLOYMENT_TARGET = 14.5;
				MTL_ENABLE_DEBUG_INFO = INCLUDE_SOURCE;
				MTL_FAST_MATH = YES;
				ONLY_ACTIVE_ARCH = YES;
				SDKROOT = iphoneos;
				SWIFT_ACTIVE_COMPILATION_CONDITIONS = DEBUG;
				SWIFT_OPTIMIZATION_LEVEL = "-Onone";
			};
			name = Debug;
		};
		68F2745B2673584800BAD3C2 /* Release */ = {
			isa = XCBuildConfiguration;
			buildSettings = {
				ALWAYS_SEARCH_USER_PATHS = NO;
				CLANG_ANALYZER_NONNULL = YES;
				CLANG_ANALYZER_NUMBER_OBJECT_CONVERSION = YES_AGGRESSIVE;
				CLANG_CXX_LANGUAGE_STANDARD = "gnu++14";
				CLANG_CXX_LIBRARY = "libc++";
				CLANG_ENABLE_MODULES = YES;
				CLANG_ENABLE_OBJC_ARC = YES;
				CLANG_ENABLE_OBJC_WEAK = YES;
				CLANG_WARN_BLOCK_CAPTURE_AUTORELEASING = YES;
				CLANG_WARN_BOOL_CONVERSION = YES;
				CLANG_WARN_COMMA = YES;
				CLANG_WARN_CONSTANT_CONVERSION = YES;
				CLANG_WARN_DEPRECATED_OBJC_IMPLEMENTATIONS = YES;
				CLANG_WARN_DIRECT_OBJC_ISA_USAGE = YES_ERROR;
				CLANG_WARN_DOCUMENTATION_COMMENTS = YES;
				CLANG_WARN_EMPTY_BODY = YES;
				CLANG_WARN_ENUM_CONVERSION = YES;
				CLANG_WARN_INFINITE_RECURSION = YES;
				CLANG_WARN_INT_CONVERSION = YES;
				CLANG_WARN_NON_LITERAL_NULL_CONVERSION = YES;
				CLANG_WARN_OBJC_IMPLICIT_RETAIN_SELF = YES;
				CLANG_WARN_OBJC_LITERAL_CONVERSION = YES;
				CLANG_WARN_OBJC_ROOT_CLASS = YES_ERROR;
				CLANG_WARN_QUOTED_INCLUDE_IN_FRAMEWORK_HEADER = YES;
				CLANG_WARN_RANGE_LOOP_ANALYSIS = YES;
				CLANG_WARN_STRICT_PROTOTYPES = YES;
				CLANG_WARN_SUSPICIOUS_MOVE = YES;
				CLANG_WARN_UNGUARDED_AVAILABILITY = YES_AGGRESSIVE;
				CLANG_WARN_UNREACHABLE_CODE = YES;
				CLANG_WARN__DUPLICATE_METHOD_MATCH = YES;
				COPY_PHASE_STRIP = NO;
				DEBUG_INFORMATION_FORMAT = "dwarf-with-dsym";
				ENABLE_NS_ASSERTIONS = NO;
				ENABLE_STRICT_OBJC_MSGSEND = YES;
				GCC_C_LANGUAGE_STANDARD = gnu11;
				GCC_NO_COMMON_BLOCKS = YES;
				GCC_WARN_64_TO_32_BIT_CONVERSION = YES;
				GCC_WARN_ABOUT_RETURN_TYPE = YES_ERROR;
				GCC_WARN_UNDECLARED_SELECTOR = YES;
				GCC_WARN_UNINITIALIZED_AUTOS = YES_AGGRESSIVE;
				GCC_WARN_UNUSED_FUNCTION = YES;
				GCC_WARN_UNUSED_VARIABLE = YES;
				IPHONEOS_DEPLOYMENT_TARGET = 14.5;
				MTL_ENABLE_DEBUG_INFO = NO;
				MTL_FAST_MATH = YES;
				SDKROOT = iphoneos;
				SWIFT_COMPILATION_MODE = wholemodule;
				SWIFT_OPTIMIZATION_LEVEL = "-O";
				VALIDATE_PRODUCT = YES;
			};
			name = Release;
		};
		68F2745D2673584800BAD3C2 /* Debug */ = {
			isa = XCBuildConfiguration;
			buildSettings = {
				ASSETCATALOG_COMPILER_APPICON_NAME = AppIcon;
				ASSETCATALOG_COMPILER_GLOBAL_ACCENT_COLOR_NAME = AccentColor;
				CODE_SIGN_STYLE = Automatic;
				DEVELOPMENT_ASSET_PATHS = "\"music.fresh/Preview Content\"";
				ENABLE_PREVIEWS = YES;
				INFOPLIST_FILE = music.fresh/Info.plist;
				IPHONEOS_DEPLOYMENT_TARGET = 14.0;
				LD_RUNPATH_SEARCH_PATHS = (
					"$(inherited)",
					"@executable_path/Frameworks",
				);
				PRODUCT_BUNDLE_IDENTIFIER = "com.simplon.fresh.music-fresh";
				PRODUCT_NAME = "$(TARGET_NAME)";
				SWIFT_VERSION = 5.0;
				TARGETED_DEVICE_FAMILY = "1,2";
			};
			name = Debug;
		};
		68F2745E2673584800BAD3C2 /* Release */ = {
			isa = XCBuildConfiguration;
			buildSettings = {
				ASSETCATALOG_COMPILER_APPICON_NAME = AppIcon;
				ASSETCATALOG_COMPILER_GLOBAL_ACCENT_COLOR_NAME = AccentColor;
				CODE_SIGN_STYLE = Automatic;
				DEVELOPMENT_ASSET_PATHS = "\"music.fresh/Preview Content\"";
				ENABLE_PREVIEWS = YES;
				INFOPLIST_FILE = music.fresh/Info.plist;
				IPHONEOS_DEPLOYMENT_TARGET = 14.0;
				LD_RUNPATH_SEARCH_PATHS = (
					"$(inherited)",
					"@executable_path/Frameworks",
				);
				PRODUCT_BUNDLE_IDENTIFIER = "com.simplon.fresh.music-fresh";
				PRODUCT_NAME = "$(TARGET_NAME)";
				SWIFT_VERSION = 5.0;
				TARGETED_DEVICE_FAMILY = "1,2";
			};
			name = Release;
		};
/* End XCBuildConfiguration section */

/* Begin XCConfigurationList section */
		68F274482673584600BAD3C2 /* Build configuration list for PBXProject "music.fresh" */ = {
			isa = XCConfigurationList;
			buildConfigurations = (
				68F2745A2673584800BAD3C2 /* Debug */,
				68F2745B2673584800BAD3C2 /* Release */,
			);
			defaultConfigurationIsVisible = 0;
			defaultConfigurationName = Release;
		};
		68F2745C2673584800BAD3C2 /* Build configuration list for PBXNativeTarget "music.fresh" */ = {
			isa = XCConfigurationList;
			buildConfigurations = (
				68F2745D2673584800BAD3C2 /* Debug */,
				68F2745E2673584800BAD3C2 /* Release */,
			);
			defaultConfigurationIsVisible = 0;
			defaultConfigurationName = Release;
		};
/* End XCConfigurationList section */
	};
	rootObject = 68F274452673584600BAD3C2 /* Project object */;
}
